// !$*UTF8*$!
{
	archiveVersion = 1;
	classes = {
	};
	objectVersion = 50;
	objects = {

/* Begin PBXBuildFile section */
		C42717C7220DC1DD003B555A /* UIView.swift in Sources */ = {isa = PBXBuildFile; fileRef = C42717C6220DC1DD003B555A /* UIView.swift */; };
		C42717C9220DD446003B555A /* UIButton.swift in Sources */ = {isa = PBXBuildFile; fileRef = C42717C8220DD446003B555A /* UIButton.swift */; };
		C4456D29220CCF4100F18DB4 /* AppDelegate.swift in Sources */ = {isa = PBXBuildFile; fileRef = C4456D28220CCF4100F18DB4 /* AppDelegate.swift */; };
		C4456D2B220CCF4100F18DB4 /* ViewController.swift in Sources */ = {isa = PBXBuildFile; fileRef = C4456D2A220CCF4100F18DB4 /* ViewController.swift */; };
		C4456D2E220CCF4100F18DB4 /* Main.storyboard in Resources */ = {isa = PBXBuildFile; fileRef = C4456D2C220CCF4100F18DB4 /* Main.storyboard */; };
		C4456D30220CCF4200F18DB4 /* Assets.xcassets in Resources */ = {isa = PBXBuildFile; fileRef = C4456D2F220CCF4200F18DB4 /* Assets.xcassets */; };
		C4456D33220CCF4200F18DB4 /* LaunchScreen.storyboard in Resources */ = {isa = PBXBuildFile; fileRef = C4456D31220CCF4200F18DB4 /* LaunchScreen.storyboard */; };
		C4456D3B220CCFA200F18DB4 /* UILabel.swift in Sources */ = {isa = PBXBuildFile; fileRef = C4456D3A220CCFA200F18DB4 /* UILabel.swift */; };
		C4456D4C220F1B0500F18DB4 /* UITextField.swift in Sources */ = {isa = PBXBuildFile; fileRef = C4456D4B220F1B0500F18DB4 /* UITextField.swift */; };
		C4456D51221344B900F18DB4 /* ViewController2.swift in Sources */ = {isa = PBXBuildFile; fileRef = C4456D50221344B900F18DB4 /* ViewController2.swift */; };
		C47BF01E220D7F38003E9B0F /* UIColors+UIFonts.swift in Sources */ = {isa = PBXBuildFile; fileRef = C47BF01D220D7F38003E9B0F /* UIColors+UIFonts.swift */; };
		C483DF08220DB80A0087D636 /* CALayer+Shadow.swift in Sources */ = {isa = PBXBuildFile; fileRef = C483DF07220DB80A0087D636 /* CALayer+Shadow.swift */; };
		C4B8A336220D907E00793B77 /* Models.swift in Sources */ = {isa = PBXBuildFile; fileRef = C4B8A335220D907E00793B77 /* Models.swift */; };
		C4B8A338220D909500793B77 /* Protocols.swift in Sources */ = {isa = PBXBuildFile; fileRef = C4B8A337220D909500793B77 /* Protocols.swift */; };
/* End PBXBuildFile section */

/* Begin PBXFileReference section */
		C42717C6220DC1DD003B555A /* UIView.swift */ = {isa = PBXFileReference; lastKnownFileType = sourcecode.swift; path = UIView.swift; sourceTree = "<group>"; };
		C42717C8220DD446003B555A /* UIButton.swift */ = {isa = PBXFileReference; lastKnownFileType = sourcecode.swift; path = UIButton.swift; sourceTree = "<group>"; };
		C4456D25220CCF4100F18DB4 /* StylingTest.app */ = {isa = PBXFileReference; explicitFileType = wrapper.application; includeInIndex = 0; path = StylingTest.app; sourceTree = BUILT_PRODUCTS_DIR; };
		C4456D28220CCF4100F18DB4 /* AppDelegate.swift */ = {isa = PBXFileReference; lastKnownFileType = sourcecode.swift; path = AppDelegate.swift; sourceTree = "<group>"; };
		C4456D2A220CCF4100F18DB4 /* ViewController.swift */ = {isa = PBXFileReference; lastKnownFileType = sourcecode.swift; path = ViewController.swift; sourceTree = "<group>"; };
		C4456D2D220CCF4100F18DB4 /* Base */ = {isa = PBXFileReference; lastKnownFileType = file.storyboard; name = Base; path = Base.lproj/Main.storyboard; sourceTree = "<group>"; };
		C4456D2F220CCF4200F18DB4 /* Assets.xcassets */ = {isa = PBXFileReference; lastKnownFileType = folder.assetcatalog; path = Assets.xcassets; sourceTree = "<group>"; };
		C4456D32220CCF4200F18DB4 /* Base */ = {isa = PBXFileReference; lastKnownFileType = file.storyboard; name = Base; path = Base.lproj/LaunchScreen.storyboard; sourceTree = "<group>"; };
		C4456D34220CCF4200F18DB4 /* Info.plist */ = {isa = PBXFileReference; lastKnownFileType = text.plist.xml; path = Info.plist; sourceTree = "<group>"; };
		C4456D3A220CCFA200F18DB4 /* UILabel.swift */ = {isa = PBXFileReference; lastKnownFileType = sourcecode.swift; path = UILabel.swift; sourceTree = "<group>"; };
		C4456D4B220F1B0500F18DB4 /* UITextField.swift */ = {isa = PBXFileReference; lastKnownFileType = sourcecode.swift; path = UITextField.swift; sourceTree = "<group>"; };
		C4456D50221344B900F18DB4 /* ViewController2.swift */ = {isa = PBXFileReference; lastKnownFileType = sourcecode.swift; path = ViewController2.swift; sourceTree = "<group>"; };
		C4456D7522134F5B00F18DB4 /* NStackSDK.framework */ = {isa = PBXFileReference; lastKnownFileType = wrapper.framework; name = NStackSDK.framework; path = ../TranslationTest/Carthage/Build/iOS/NStackSDK.framework; sourceTree = "<group>"; };
		C4456D7722134F6700F18DB4 /* Alamofire.framework */ = {isa = PBXFileReference; lastKnownFileType = wrapper.framework; name = Alamofire.framework; path = ../TranslationTest/Carthage/Build/iOS/Alamofire.framework; sourceTree = "<group>"; };
		C4456D7822134F6800F18DB4 /* Cashier.framework */ = {isa = PBXFileReference; lastKnownFileType = wrapper.framework; name = Cashier.framework; path = ../TranslationTest/Carthage/Build/iOS/Cashier.framework; sourceTree = "<group>"; };
		C4456D7922134F6800F18DB4 /* Serpent.framework */ = {isa = PBXFileReference; lastKnownFileType = wrapper.framework; name = Serpent.framework; path = ../TranslationTest/Carthage/Build/iOS/Serpent.framework; sourceTree = "<group>"; };
		C47BF01D220D7F38003E9B0F /* UIColors+UIFonts.swift */ = {isa = PBXFileReference; lastKnownFileType = sourcecode.swift; path = "UIColors+UIFonts.swift"; sourceTree = "<group>"; };
		C483DF07220DB80A0087D636 /* CALayer+Shadow.swift */ = {isa = PBXFileReference; lastKnownFileType = sourcecode.swift; path = "CALayer+Shadow.swift"; sourceTree = "<group>"; };
		C4B8A335220D907E00793B77 /* Models.swift */ = {isa = PBXFileReference; lastKnownFileType = sourcecode.swift; path = Models.swift; sourceTree = "<group>"; };
		C4B8A337220D909500793B77 /* Protocols.swift */ = {isa = PBXFileReference; lastKnownFileType = sourcecode.swift; path = Protocols.swift; sourceTree = "<group>"; };
/* End PBXFileReference section */

/* Begin PBXFrameworksBuildPhase section */
		C4456D22220CCF4100F18DB4 /* Frameworks */ = {
			isa = PBXFrameworksBuildPhase;
			buildActionMask = 2147483647;
			files = (
			);
			runOnlyForDeploymentPostprocessing = 0;
		};
/* End PBXFrameworksBuildPhase section */

/* Begin PBXGroup section */
		C4456D1C220CCF4100F18DB4 = {
			isa = PBXGroup;
			children = (
				C4456D27220CCF4100F18DB4 /* StylingTest */,
				C4456D26220CCF4100F18DB4 /* Products */,
				C4456D7422134F5B00F18DB4 /* Frameworks */,
			);
			sourceTree = "<group>";
		};
		C4456D26220CCF4100F18DB4 /* Products */ = {
			isa = PBXGroup;
			children = (
				C4456D25220CCF4100F18DB4 /* StylingTest.app */,
			);
			name = Products;
			sourceTree = "<group>";
		};
		C4456D27220CCF4100F18DB4 /* StylingTest */ = {
			isa = PBXGroup;
			children = (
				C4456D28220CCF4100F18DB4 /* AppDelegate.swift */,
				C4456D2A220CCF4100F18DB4 /* ViewController.swift */,
				C4456D50221344B900F18DB4 /* ViewController2.swift */,
				C4456D2C220CCF4100F18DB4 /* Main.storyboard */,
				C4B8A334220D8F8200793B77 /* Styling */,
				C483DF06220DB7970087D636 /* Extensions */,
				C4456D2F220CCF4200F18DB4 /* Assets.xcassets */,
				C4456D31220CCF4200F18DB4 /* LaunchScreen.storyboard */,
				C4456D34220CCF4200F18DB4 /* Info.plist */,
			);
			path = StylingTest;
			sourceTree = "<group>";
		};
		C4456D7422134F5B00F18DB4 /* Frameworks */ = {
			isa = PBXGroup;
			children = (
				C4456D7722134F6700F18DB4 /* Alamofire.framework */,
				C4456D7822134F6800F18DB4 /* Cashier.framework */,
				C4456D7922134F6800F18DB4 /* Serpent.framework */,
				C4456D7522134F5B00F18DB4 /* NStackSDK.framework */,
			);
			name = Frameworks;
			sourceTree = "<group>";
		};
		C483DF06220DB7970087D636 /* Extensions */ = {
			isa = PBXGroup;
			children = (
				C47BF01D220D7F38003E9B0F /* UIColors+UIFonts.swift */,
				C483DF07220DB80A0087D636 /* CALayer+Shadow.swift */,
			);
			path = Extensions;
			sourceTree = "<group>";
		};
		C4B8A334220D8F8200793B77 /* Styling */ = {
			isa = PBXGroup;
			children = (
				C4B8A335220D907E00793B77 /* Models.swift */,
				C4B8A337220D909500793B77 /* Protocols.swift */,
				C4B8A339220D90C900793B77 /* UIKitComponents */,
			);
			path = Styling;
			sourceTree = "<group>";
		};
		C4B8A339220D90C900793B77 /* UIKitComponents */ = {
			isa = PBXGroup;
			children = (
				C42717C6220DC1DD003B555A /* UIView.swift */,
				C4456D3A220CCFA200F18DB4 /* UILabel.swift */,
				C42717C8220DD446003B555A /* UIButton.swift */,
				C4456D4B220F1B0500F18DB4 /* UITextField.swift */,
			);
			path = UIKitComponents;
			sourceTree = "<group>";
		};
/* End PBXGroup section */

/* Begin PBXNativeTarget section */
		C4456D24220CCF4100F18DB4 /* StylingTest */ = {
			isa = PBXNativeTarget;
			buildConfigurationList = C4456D37220CCF4200F18DB4 /* Build configuration list for PBXNativeTarget "StylingTest" */;
			buildPhases = (
				C4456D21220CCF4100F18DB4 /* Sources */,
				C4456D22220CCF4100F18DB4 /* Frameworks */,
				C4456D23220CCF4100F18DB4 /* Resources */,
			);
			buildRules = (
			);
			dependencies = (
			);
			name = StylingTest;
			productName = StylingTest;
			productReference = C4456D25220CCF4100F18DB4 /* StylingTest.app */;
			productType = "com.apple.product-type.application";
		};
/* End PBXNativeTarget section */

/* Begin PBXProject section */
		C4456D1D220CCF4100F18DB4 /* Project object */ = {
			isa = PBXProject;
			attributes = {
				LastSwiftUpdateCheck = 1010;
				LastUpgradeCheck = 1010;
				ORGANIZATIONNAME = "Bob De Kort";
				TargetAttributes = {
					C4456D24220CCF4100F18DB4 = {
						CreatedOnToolsVersion = 10.1;
					};
				};
			};
			buildConfigurationList = C4456D20220CCF4100F18DB4 /* Build configuration list for PBXProject "StylingTest" */;
			compatibilityVersion = "Xcode 9.3";
			developmentRegion = en;
			hasScannedForEncodings = 0;
			knownRegions = (
				en,
				Base,
			);
			mainGroup = C4456D1C220CCF4100F18DB4;
			productRefGroup = C4456D26220CCF4100F18DB4 /* Products */;
			projectDirPath = "";
			projectRoot = "";
			targets = (
				C4456D24220CCF4100F18DB4 /* StylingTest */,
			);
		};
/* End PBXProject section */

/* Begin PBXResourcesBuildPhase section */
		C4456D23220CCF4100F18DB4 /* Resources */ = {
			isa = PBXResourcesBuildPhase;
			buildActionMask = 2147483647;
			files = (
				C4456D33220CCF4200F18DB4 /* LaunchScreen.storyboard in Resources */,
				C4456D30220CCF4200F18DB4 /* Assets.xcassets in Resources */,
				C4456D2E220CCF4100F18DB4 /* Main.storyboard in Resources */,
			);
			runOnlyForDeploymentPostprocessing = 0;
		};
/* End PBXResourcesBuildPhase section */

/* Begin PBXSourcesBuildPhase section */
		C4456D21220CCF4100F18DB4 /* Sources */ = {
			isa = PBXSourcesBuildPhase;
			buildActionMask = 2147483647;
			files = (
				C4456D2B220CCF4100F18DB4 /* ViewController.swift in Sources */,
				C42717C7220DC1DD003B555A /* UIView.swift in Sources */,
				C4B8A338220D909500793B77 /* Protocols.swift in Sources */,
				C4456D4C220F1B0500F18DB4 /* UITextField.swift in Sources */,
				C4B8A336220D907E00793B77 /* Models.swift in Sources */,
				C4456D51221344B900F18DB4 /* ViewController2.swift in Sources */,
				C4456D3B220CCFA200F18DB4 /* UILabel.swift in Sources */,
				C4456D29220CCF4100F18DB4 /* AppDelegate.swift in Sources */,
				C483DF08220DB80A0087D636 /* CALayer+Shadow.swift in Sources */,
				C47BF01E220D7F38003E9B0F /* UIColors+UIFonts.swift in Sources */,
				C42717C9220DD446003B555A /* UIButton.swift in Sources */,
			);
			runOnlyForDeploymentPostprocessing = 0;
		};
/* End PBXSourcesBuildPhase section */

/* Begin PBXVariantGroup section */
		C4456D2C220CCF4100F18DB4 /* Main.storyboard */ = {
			isa = PBXVariantGroup;
			children = (
				C4456D2D220CCF4100F18DB4 /* Base */,
			);
			name = Main.storyboard;
			sourceTree = "<group>";
		};
		C4456D31220CCF4200F18DB4 /* LaunchScreen.storyboard */ = {
			isa = PBXVariantGroup;
			children = (
				C4456D32220CCF4200F18DB4 /* Base */,
			);
			name = LaunchScreen.storyboard;
			sourceTree = "<group>";
		};
/* End PBXVariantGroup section */

/* Begin XCBuildConfiguration section */
		C4456D35220CCF4200F18DB4 /* Debug */ = {
			isa = XCBuildConfiguration;
			buildSettings = {
				ALWAYS_SEARCH_USER_PATHS = NO;
				CLANG_ANALYZER_NONNULL = YES;
				CLANG_ANALYZER_NUMBER_OBJECT_CONVERSION = YES_AGGRESSIVE;
				CLANG_CXX_LANGUAGE_STANDARD = "gnu++14";
				CLANG_CXX_LIBRARY = "libc++";
				CLANG_ENABLE_MODULES = YES;
				CLANG_ENABLE_OBJC_ARC = YES;
				CLANG_ENABLE_OBJC_WEAK = YES;
				CLANG_WARN_BLOCK_CAPTURE_AUTORELEASING = YES;
				CLANG_WARN_BOOL_CONVERSION = YES;
				CLANG_WARN_COMMA = YES;
				CLANG_WARN_CONSTANT_CONVERSION = YES;
				CLANG_WARN_DEPRECATED_OBJC_IMPLEMENTATIONS = YES;
				CLANG_WARN_DIRECT_OBJC_ISA_USAGE = YES_ERROR;
				CLANG_WARN_DOCUMENTATION_COMMENTS = YES;
				CLANG_WARN_EMPTY_BODY = YES;
				CLANG_WARN_ENUM_CONVERSION = YES;
				CLANG_WARN_INFINITE_RECURSION = YES;
				CLANG_WARN_INT_CONVERSION = YES;
				CLANG_WARN_NON_LITERAL_NULL_CONVERSION = YES;
				CLANG_WARN_OBJC_IMPLICIT_RETAIN_SELF = YES;
				CLANG_WARN_OBJC_LITERAL_CONVERSION = YES;
				CLANG_WARN_OBJC_ROOT_CLASS = YES_ERROR;
				CLANG_WARN_RANGE_LOOP_ANALYSIS = YES;
				CLANG_WARN_STRICT_PROTOTYPES = YES;
				CLANG_WARN_SUSPICIOUS_MOVE = YES;
				CLANG_WARN_UNGUARDED_AVAILABILITY = YES_AGGRESSIVE;
				CLANG_WARN_UNREACHABLE_CODE = YES;
				CLANG_WARN__DUPLICATE_METHOD_MATCH = YES;
				CODE_SIGN_IDENTITY = "iPhone Developer";
				COPY_PHASE_STRIP = NO;
				DEBUG_INFORMATION_FORMAT = dwarf;
				ENABLE_STRICT_OBJC_MSGSEND = YES;
				ENABLE_TESTABILITY = YES;
				GCC_C_LANGUAGE_STANDARD = gnu11;
				GCC_DYNAMIC_NO_PIC = NO;
				GCC_NO_COMMON_BLOCKS = YES;
				GCC_OPTIMIZATION_LEVEL = 0;
				GCC_PREPROCESSOR_DEFINITIONS = (
					"DEBUG=1",
					"$(inherited)",
				);
				GCC_WARN_64_TO_32_BIT_CONVERSION = YES;
				GCC_WARN_ABOUT_RETURN_TYPE = YES_ERROR;
				GCC_WARN_UNDECLARED_SELECTOR = YES;
				GCC_WARN_UNINITIALIZED_AUTOS = YES_AGGRESSIVE;
				GCC_WARN_UNUSED_FUNCTION = YES;
				GCC_WARN_UNUSED_VARIABLE = YES;
				IPHONEOS_DEPLOYMENT_TARGET = 12.1;
				MTL_ENABLE_DEBUG_INFO = INCLUDE_SOURCE;
				MTL_FAST_MATH = YES;
				ONLY_ACTIVE_ARCH = YES;
				SDKROOT = iphoneos;
				SWIFT_ACTIVE_COMPILATION_CONDITIONS = DEBUG;
				SWIFT_OPTIMIZATION_LEVEL = "-Onone";
			};
			name = Debug;
		};
		C4456D36220CCF4200F18DB4 /* Release */ = {
			isa = XCBuildConfiguration;
			buildSettings = {
				ALWAYS_SEARCH_USER_PATHS = NO;
				CLANG_ANALYZER_NONNULL = YES;
				CLANG_ANALYZER_NUMBER_OBJECT_CONVERSION = YES_AGGRESSIVE;
				CLANG_CXX_LANGUAGE_STANDARD = "gnu++14";
				CLANG_CXX_LIBRARY = "libc++";
				CLANG_ENABLE_MODULES = YES;
				CLANG_ENABLE_OBJC_ARC = YES;
				CLANG_ENABLE_OBJC_WEAK = YES;
				CLANG_WARN_BLOCK_CAPTURE_AUTORELEASING = YES;
				CLANG_WARN_BOOL_CONVERSION = YES;
				CLANG_WARN_COMMA = YES;
				CLANG_WARN_CONSTANT_CONVERSION = YES;
				CLANG_WARN_DEPRECATED_OBJC_IMPLEMENTATIONS = YES;
				CLANG_WARN_DIRECT_OBJC_ISA_USAGE = YES_ERROR;
				CLANG_WARN_DOCUMENTATION_COMMENTS = YES;
				CLANG_WARN_EMPTY_BODY = YES;
				CLANG_WARN_ENUM_CONVERSION = YES;
				CLANG_WARN_INFINITE_RECURSION = YES;
				CLANG_WARN_INT_CONVERSION = YES;
				CLANG_WARN_NON_LITERAL_NULL_CONVERSION = YES;
				CLANG_WARN_OBJC_IMPLICIT_RETAIN_SELF = YES;
				CLANG_WARN_OBJC_LITERAL_CONVERSION = YES;
				CLANG_WARN_OBJC_ROOT_CLASS = YES_ERROR;
				CLANG_WARN_RANGE_LOOP_ANALYSIS = YES;
				CLANG_WARN_STRICT_PROTOTYPES = YES;
				CLANG_WARN_SUSPICIOUS_MOVE = YES;
				CLANG_WARN_UNGUARDED_AVAILABILITY = YES_AGGRESSIVE;
				CLANG_WARN_UNREACHABLE_CODE = YES;
				CLANG_WARN__DUPLICATE_METHOD_MATCH = YES;
				CODE_SIGN_IDENTITY = "iPhone Developer";
				COPY_PHASE_STRIP = NO;
				DEBUG_INFORMATION_FORMAT = "dwarf-with-dsym";
				ENABLE_NS_ASSERTIONS = NO;
				ENABLE_STRICT_OBJC_MSGSEND = YES;
				GCC_C_LANGUAGE_STANDARD = gnu11;
				GCC_NO_COMMON_BLOCKS = YES;
				GCC_WARN_64_TO_32_BIT_CONVERSION = YES;
				GCC_WARN_ABOUT_RETURN_TYPE = YES_ERROR;
				GCC_WARN_UNDECLARED_SELECTOR = YES;
				GCC_WARN_UNINITIALIZED_AUTOS = YES_AGGRESSIVE;
				GCC_WARN_UNUSED_FUNCTION = YES;
				GCC_WARN_UNUSED_VARIABLE = YES;
				IPHONEOS_DEPLOYMENT_TARGET = 12.1;
				MTL_ENABLE_DEBUG_INFO = NO;
				MTL_FAST_MATH = YES;
				SDKROOT = iphoneos;
				SWIFT_COMPILATION_MODE = wholemodule;
				SWIFT_OPTIMIZATION_LEVEL = "-O";
				VALIDATE_PRODUCT = YES;
			};
			name = Release;
		};
		C4456D38220CCF4200F18DB4 /* Debug */ = {
			isa = XCBuildConfiguration;
			buildSettings = {
				ASSETCATALOG_COMPILER_APPICON_NAME = AppIcon;
				CODE_SIGN_STYLE = Automatic;
				DEVELOPMENT_TEAM = "";
				INFOPLIST_FILE = StylingTest/Info.plist;
				LD_RUNPATH_SEARCH_PATHS = (
					"$(inherited)",
					"@executable_path/Frameworks",
				);
				PRODUCT_BUNDLE_IDENTIFIER = "Bob-De-Kort.StylingTest";
				PRODUCT_NAME = "$(TARGET_NAME)";
				SWIFT_VERSION = 4.2;
				TARGETED_DEVICE_FAMILY = "1,2";
			};
			name = Debug;
		};
		C4456D39220CCF4200F18DB4 /* Release */ = {
			isa = XCBuildConfiguration;
			buildSettings = {
				ASSETCATALOG_COMPILER_APPICON_NAME = AppIcon;
				CODE_SIGN_STYLE = Automatic;
				DEVELOPMENT_TEAM = "";
				INFOPLIST_FILE = StylingTest/Info.plist;
				LD_RUNPATH_SEARCH_PATHS = (
					"$(inherited)",
					"@executable_path/Frameworks",
				);
				PRODUCT_BUNDLE_IDENTIFIER = "Bob-De-Kort.StylingTest";
				PRODUCT_NAME = "$(TARGET_NAME)";
				SWIFT_VERSION = 4.2;
				TARGETED_DEVICE_FAMILY = "1,2";
			};
			name = Release;
		};
/* End XCBuildConfiguration section */

/* Begin XCConfigurationList section */
		C4456D20220CCF4100F18DB4 /* Build configuration list for PBXProject "StylingTest" */ = {
			isa = XCConfigurationList;
			buildConfigurations = (
				C4456D35220CCF4200F18DB4 /* Debug */,
				C4456D36220CCF4200F18DB4 /* Release */,
			);
			defaultConfigurationIsVisible = 0;
			defaultConfigurationName = Release;
		};
		C4456D37220CCF4200F18DB4 /* Build configuration list for PBXNativeTarget "StylingTest" */ = {
			isa = XCConfigurationList;
			buildConfigurations = (
				C4456D38220CCF4200F18DB4 /* Debug */,
				C4456D39220CCF4200F18DB4 /* Release */,
			);
			defaultConfigurationIsVisible = 0;
			defaultConfigurationName = Release;
		};
/* End XCConfigurationList section */
	};
	rootObject = C4456D1D220CCF4100F18DB4 /* Project object */;
}
